// !$*UTF8*$!
{
	archiveVersion = 1;
	classes = {
	};
	objectVersion = 46;
	objects = {

/* Begin PBXBuildFile section */
		EE9784BA1BDB212A00CD1F54 /* main.cpp in Sources */ = {isa = PBXBuildFile; fileRef = EE9784B91BDB212A00CD1F54 /* main.cpp */; };
		EE9784C11BDB2CF100CD1F54 /* CommandReceiverA.cpp in Sources */ = {isa = PBXBuildFile; fileRef = EE9784C01BDB2CF100CD1F54 /* CommandReceiverA.cpp */; };
/* End PBXBuildFile section */

/* Begin PBXCopyFilesBuildPhase section */
		EE9784B41BDB212900CD1F54 /* CopyFiles */ = {
			isa = PBXCopyFilesBuildPhase;
			buildActionMask = 2147483647;
			dstPath = /usr/share/man/man1/;
			dstSubfolderSpec = 0;
			files = (
			);
			runOnlyForDeploymentPostprocessing = 1;
		};
/* End PBXCopyFilesBuildPhase section */

/* Begin PBXFileReference section */
		EE1DFA541BDBC7E1005C452F /* CommandReceiver.h */ = {isa = PBXFileReference; lastKnownFileType = sourcecode.c.h; path = CommandReceiver.h; sourceTree = "<group>"; };
		EE1DFA551BDBC80A005C452F /* Command.h */ = {isa = PBXFileReference; lastKnownFileType = sourcecode.c.h; path = Command.h; sourceTree = "<group>"; };
		EE1DFA581BDC5509005C452F /* Commands.h */ = {isa = PBXFileReference; lastKnownFileType = sourcecode.c.h; path = Commands.h; sourceTree = "<group>"; };
		EE8D86F81BDD09A50097AC35 /* CommandReceiverImpl.hpp */ = {isa = PBXFileReference; fileEncoding = 4; lastKnownFileType = sourcecode.cpp.h; path = CommandReceiverImpl.hpp; sourceTree = "<group>"; };
		EE9784B61BDB212A00CD1F54 /* Test */ = {isa = PBXFileReference; explicitFileType = "compiled.mach-o.executable"; includeInIndex = 0; path = Test; sourceTree = BUILT_PRODUCTS_DIR; };
		EE9784B91BDB212A00CD1F54 /* main.cpp */ = {isa = PBXFileReference; lastKnownFileType = sourcecode.cpp.cpp; path = main.cpp; sourceTree = "<group>"; };
		EE9784C01BDB2CF100CD1F54 /* CommandReceiverA.cpp */ = {isa = PBXFileReference; fileEncoding = 4; lastKnownFileType = sourcecode.cpp.cpp; path = CommandReceiverA.cpp; sourceTree = "<group>"; };
		EE9784C21BDB2CF700CD1F54 /* CommandReceiverA.h */ = {isa = PBXFileReference; lastKnownFileType = sourcecode.c.h; path = CommandReceiverA.h; sourceTree = "<group>"; };
/* End PBXFileReference section */

/* Begin PBXFrameworksBuildPhase section */
		EE9784B31BDB212900CD1F54 /* Frameworks */ = {
			isa = PBXFrameworksBuildPhase;
			buildActionMask = 2147483647;
			files = (
			);
			runOnlyForDeploymentPostprocessing = 0;
		};
/* End PBXFrameworksBuildPhase section */

/* Begin PBXGroup section */
		EE1DFA561BDBC893005C452F /* Command */ = {
			isa = PBXGroup;
			children = (
				EE1DFA551BDBC80A005C452F /* Command.h */,
				EE1DFA541BDBC7E1005C452F /* CommandReceiver.h */,
				EE8D86F81BDD09A50097AC35 /* CommandReceiverImpl.hpp */,
			);
			name = Command;
			sourceTree = "<group>";
		};
		EE1DFA5A1BDC5536005C452F /* Sample */ = {
			isa = PBXGroup;
			children = (
				EE9784C01BDB2CF100CD1F54 /* CommandReceiverA.cpp */,
				EE9784C21BDB2CF700CD1F54 /* CommandReceiverA.h */,
				EE1DFA581BDC5509005C452F /* Commands.h */,
			);
			name = Sample;
			sourceTree = "<group>";
		};
		EE9784AD1BDB212900CD1F54 = {
			isa = PBXGroup;
			children = (
				EE9784B81BDB212A00CD1F54 /* Test */,
				EE9784B71BDB212A00CD1F54 /* Products */,
			);
			sourceTree = "<group>";
		};
		EE9784B71BDB212A00CD1F54 /* Products */ = {
			isa = PBXGroup;
			children = (
				EE9784B61BDB212A00CD1F54 /* Test */,
			);
			name = Products;
			sourceTree = "<group>";
		};
		EE9784B81BDB212A00CD1F54 /* Test */ = {
			isa = PBXGroup;
			children = (
				EE1DFA561BDBC893005C452F /* Command */,
				EE9784B91BDB212A00CD1F54 /* main.cpp */,
				EE1DFA5A1BDC5536005C452F /* Sample */,
			);
			path = Test;
			sourceTree = "<group>";
		};
/* End PBXGroup section */

/* Begin PBXNativeTarget section */
		EE9784B51BDB212900CD1F54 /* Test */ = {
			isa = PBXNativeTarget;
			buildConfigurationList = EE9784BD1BDB212A00CD1F54 /* Build configuration list for PBXNativeTarget "Test" */;
			buildPhases = (
				EE9784B21BDB212900CD1F54 /* Sources */,
				EE9784B31BDB212900CD1F54 /* Frameworks */,
				EE9784B41BDB212900CD1F54 /* CopyFiles */,
			);
			buildRules = (
			);
			dependencies = (
			);
			name = Test;
			productName = Test;
			productReference = EE9784B61BDB212A00CD1F54 /* Test */;
			productType = "com.apple.product-type.tool";
		};
/* End PBXNativeTarget section */

/* Begin PBXProject section */
		EE9784AE1BDB212900CD1F54 /* Project object */ = {
			isa = PBXProject;
			attributes = {
				LastUpgradeCheck = 0640;
				ORGANIZATIONNAME = "Julian Walker";
				TargetAttributes = {
					EE9784B51BDB212900CD1F54 = {
						CreatedOnToolsVersion = 6.4;
					};
				};
			};
			buildConfigurationList = EE9784B11BDB212900CD1F54 /* Build configuration list for PBXProject "Test" */;
			compatibilityVersion = "Xcode 3.2";
			developmentRegion = English;
			hasScannedForEncodings = 0;
			knownRegions = (
				en,
			);
			mainGroup = EE9784AD1BDB212900CD1F54;
			productRefGroup = EE9784B71BDB212A00CD1F54 /* Products */;
			projectDirPath = "";
			projectRoot = "";
			targets = (
				EE9784B51BDB212900CD1F54 /* Test */,
			);
		};
/* End PBXProject section */

/* Begin PBXSourcesBuildPhase section */
		EE9784B21BDB212900CD1F54 /* Sources */ = {
			isa = PBXSourcesBuildPhase;
			buildActionMask = 2147483647;
			files = (
				EE9784BA1BDB212A00CD1F54 /* main.cpp in Sources */,
				EE9784C11BDB2CF100CD1F54 /* CommandReceiverA.cpp in Sources */,
			);
			runOnlyForDeploymentPostprocessing = 0;
		};
/* End PBXSourcesBuildPhase section */

/* Begin XCBuildConfiguration section */
		EE9784BB1BDB212A00CD1F54 /* Debug */ = {
			isa = XCBuildConfiguration;
			buildSettings = {
				ALWAYS_SEARCH_USER_PATHS = NO;
				CLANG_CXX_LANGUAGE_STANDARD = "gnu++0x";
				CLANG_CXX_LIBRARY = "libc++";
				CLANG_ENABLE_MODULES = YES;
				CLANG_ENABLE_OBJC_ARC = YES;
				CLANG_WARN_BOOL_CONVERSION = YES;
				CLANG_WARN_CONSTANT_CONVERSION = YES;
				CLANG_WARN_DIRECT_OBJC_ISA_USAGE = YES_ERROR;
				CLANG_WARN_EMPTY_BODY = YES;
				CLANG_WARN_ENUM_CONVERSION = YES;
				CLANG_WARN_INT_CONVERSION = YES;
				CLANG_WARN_OBJC_ROOT_CLASS = YES_ERROR;
				CLANG_WARN_UNREACHABLE_CODE = YES;
				CLANG_WARN__DUPLICATE_METHOD_MATCH = YES;
				COPY_PHASE_STRIP = NO;
				DEBUG_INFORMATION_FORMAT = dwarf;
				ENABLE_STRICT_OBJC_MSGSEND = YES;
				GCC_C_LANGUAGE_STANDARD = gnu99;
				GCC_DYNAMIC_NO_PIC = NO;
				GCC_NO_COMMON_BLOCKS = YES;
				GCC_OPTIMIZATION_LEVEL = 0;
				GCC_PREPROCESSOR_DEFINITIONS = (
					"DEBUG=1",
					"$(inherited)",
				);
				GCC_SYMBOLS_PRIVATE_EXTERN = NO;
				GCC_WARN_64_TO_32_BIT_CONVERSION = YES;
				GCC_WARN_ABOUT_RETURN_TYPE = YES_ERROR;
				GCC_WARN_UNDECLARED_SELECTOR = YES;
				GCC_WARN_UNINITIALIZED_AUTOS = YES_AGGRESSIVE;
				GCC_WARN_UNUSED_FUNCTION = YES;
				GCC_WARN_UNUSED_VARIABLE = YES;
				MACOSX_DEPLOYMENT_TARGET = 10.11;
				MTL_ENABLE_DEBUG_INFO = YES;
				ONLY_ACTIVE_ARCH = YES;
				SDKROOT = macosx;
			};
			name = Debug;
		};
		EE9784BC1BDB212A00CD1F54 /* Release */ = {
			isa = XCBuildConfiguration;
			buildSettings = {
				ALWAYS_SEARCH_USER_PATHS = NO;
				CLANG_CXX_LANGUAGE_STANDARD = "gnu++0x";
				CLANG_CXX_LIBRARY = "libc++";
				CLANG_ENABLE_MODULES = YES;
				CLANG_ENABLE_OBJC_ARC = YES;
				CLANG_WARN_BOOL_CONVERSION = YES;
				CLANG_WARN_CONSTANT_CONVERSION = YES;
				CLANG_WARN_DIRECT_OBJC_ISA_USAGE = YES_ERROR;
				CLANG_WARN_EMPTY_BODY = YES;
				CLANG_WARN_ENUM_CONVERSION = YES;
				CLANG_WARN_INT_CONVERSION = YES;
				CLANG_WARN_OBJC_ROOT_CLASS = YES_ERROR;
				CLANG_WARN_UNREACHABLE_CODE = YES;
				CLANG_WARN__DUPLICATE_METHOD_MATCH = YES;
				COPY_PHASE_STRIP = NO;
				DEBUG_INFORMATION_FORMAT = "dwarf-with-dsym";
				ENABLE_NS_ASSERTIONS = NO;
				ENABLE_STRICT_OBJC_MSGSEND = YES;
				GCC_C_LANGUAGE_STANDARD = gnu99;
				GCC_NO_COMMON_BLOCKS = YES;
				GCC_WARN_64_TO_32_BIT_CONVERSION = YES;
				GCC_WARN_ABOUT_RETURN_TYPE = YES_ERROR;
				GCC_WARN_UNDECLARED_SELECTOR = YES;
				GCC_WARN_UNINITIALIZED_AUTOS = YES_AGGRESSIVE;
				GCC_WARN_UNUSED_FUNCTION = YES;
				GCC_WARN_UNUSED_VARIABLE = YES;
				MACOSX_DEPLOYMENT_TARGET = 10.11;
				MTL_ENABLE_DEBUG_INFO = NO;
				SDKROOT = macosx;
			};
			name = Release;
		};
		EE9784BE1BDB212A00CD1F54 /* Debug */ = {
			isa = XCBuildConfiguration;
			buildSettings = {
				CLANG_CXX_LANGUAGE_STANDARD = "c++0x";
				PRODUCT_NAME = "$(TARGET_NAME)";
			};
			name = Debug;
		};
		EE9784BF1BDB212A00CD1F54 /* Release */ = {
			isa = XCBuildConfiguration;
			buildSettings = {
				CLANG_CXX_LANGUAGE_STANDARD = "c++0x";
				PRODUCT_NAME = "$(TARGET_NAME)";
			};
			name = Release;
		};
/* End XCBuildConfiguration section */

/* Begin XCConfigurationList section */
		EE9784B11BDB212900CD1F54 /* Build configuration list for PBXProject "Test" */ = {
			isa = XCConfigurationList;
			buildConfigurations = (
				EE9784BB1BDB212A00CD1F54 /* Debug */,
				EE9784BC1BDB212A00CD1F54 /* Release */,
			);
			defaultConfigurationIsVisible = 0;
			defaultConfigurationName = Release;
		};
		EE9784BD1BDB212A00CD1F54 /* Build configuration list for PBXNativeTarget "Test" */ = {
			isa = XCConfigurationList;
			buildConfigurations = (
				EE9784BE1BDB212A00CD1F54 /* Debug */,
				EE9784BF1BDB212A00CD1F54 /* Release */,
			);
			defaultConfigurationIsVisible = 0;
			defaultConfigurationName = Release;
		};
/* End XCConfigurationList section */
	};
	rootObject = EE9784AE1BDB212900CD1F54 /* Project object */;
}
